
Microsoft Visual Studio Solution File, Format Version 12.00
# Visual Studio Version 17
VisualStudioVersion = 17.0.32002.185
MinimumVisualStudioVersion = 10.0.40219.1
Project("{FAE04EC0-301F-11D3-BF4B-00C04F79EFBC}") = "Hata Yönetimi", "Hata Yönetimi\Hata Yönetimi.csproj", "{0B72D741-5173-4A30-9137-EB5EFB7CA769}"
EndProject
Global
	GlobalSection(SolutionConfigurationPlatforms) = preSolution
		Debug|Any CPU = Debug|Any CPU
		Release|Any CPU = Release|Any CPU
	EndGlobalSection
	GlobalSection(ProjectConfigurationPlatforms) = postSolution
		{0B72D741-5173-4A30-9137-EB5EFB7CA769}.Debug|Any CPU.ActiveCfg = Debug|Any CPU
		{0B72D741-5173-4A30-9137-EB5EFB7CA769}.Debug|Any CPU.Build.0 = Debug|Any CPU
		{0B72D741-5173-4A30-9137-EB5EFB7CA769}.Release|Any CPU.ActiveCfg = Release|Any CPU
		{0B72D741-5173-4A30-9137-EB5EFB7CA769}.Release|Any CPU.Build.0 = Release|Any CPU
	EndGlobalSection
	GlobalSection(SolutionProperties) = preSolution
		HideSolutionNode = FALSE
	EndGlobalSection
	GlobalSection(ExtensibilityGlobals) = postSolution
		SolutionGuid = {37BE0DBD-87EE-41F1-95EA-FE6FF47E2B82}
	EndGlobalSection
EndGlobal
