
Microsoft Visual Studio Solution File, Format Version 12.00
# Visual Studio Version 17
VisualStudioVersion = 17.0.32002.185
MinimumVisualStudioVersion = 10.0.40219.1
Project("{FAE04EC0-301F-11D3-BF4B-00C04F79EFBC}") = "Metotlar", "Metotlar\Metotlar.csproj", "{FFE7080A-0FA8-41CB-8FEA-E9EA1379736D}"
EndProject
Global
	GlobalSection(SolutionConfigurationPlatforms) = preSolution
		Debug|Any CPU = Debug|Any CPU
		Release|Any CPU = Release|Any CPU
	EndGlobalSection
	GlobalSection(ProjectConfigurationPlatforms) = postSolution
		{FFE7080A-0FA8-41CB-8FEA-E9EA1379736D}.Debug|Any CPU.ActiveCfg = Debug|Any CPU
		{FFE7080A-0FA8-41CB-8FEA-E9EA1379736D}.Debug|Any CPU.Build.0 = Debug|Any CPU
		{FFE7080A-0FA8-41CB-8FEA-E9EA1379736D}.Release|Any CPU.ActiveCfg = Release|Any CPU
		{FFE7080A-0FA8-41CB-8FEA-E9EA1379736D}.Release|Any CPU.Build.0 = Release|Any CPU
	EndGlobalSection
	GlobalSection(SolutionProperties) = preSolution
		HideSolutionNode = FALSE
	EndGlobalSection
	GlobalSection(ExtensibilityGlobals) = postSolution
		SolutionGuid = {B78AAAA5-3C8F-4319-A358-02BB8CC4A2CA}
	EndGlobalSection
EndGlobal
